// !$*UTF8*$!
{
	archiveVersion = 1;
	classes = {
	};
	objectVersion = 50;
	objects = {

/* Begin PBXBuildFile section */
		C113E9F325125A130098269E /* app_screenshots.png in Resources */ = {isa = PBXBuildFile; fileRef = C113E9F225125A130098269E /* app_screenshots.png */; };
		C17576E9250927F800BA0CB4 /* TwoFridasStyleTransfer.mlmodel in Sources */ = {isa = PBXBuildFile; fileRef = C17576E8250927F800BA0CB4 /* TwoFridasStyleTransfer.mlmodel */; };
		C1A1668A24F550E600D9A943 /* AppDelegate.swift in Sources */ = {isa = PBXBuildFile; fileRef = C1A1668924F550E600D9A943 /* AppDelegate.swift */; };
		C1A1668C24F550E600D9A943 /* SceneDelegate.swift in Sources */ = {isa = PBXBuildFile; fileRef = C1A1668B24F550E600D9A943 /* SceneDelegate.swift */; };
		C1A1668E24F550E600D9A943 /* ViewController.swift in Sources */ = {isa = PBXBuildFile; fileRef = C1A1668D24F550E600D9A943 /* ViewController.swift */; };
		C1A1669124F550E600D9A943 /* Main.storyboard in Resources */ = {isa = PBXBuildFile; fileRef = C1A1668F24F550E600D9A943 /* Main.storyboard */; };
		C1A1669324F550EA00D9A943 /* Assets.xcassets in Resources */ = {isa = PBXBuildFile; fileRef = C1A1669224F550EA00D9A943 /* Assets.xcassets */; };
		C1A1669624F550EA00D9A943 /* LaunchScreen.storyboard in Resources */ = {isa = PBXBuildFile; fileRef = C1A1669424F550EA00D9A943 /* LaunchScreen.storyboard */; };
		C1A166A124F6ADBD00D9A943 /* CoreMLHelpers.swift in Sources */ = {isa = PBXBuildFile; fileRef = C1A166A024F6ADBD00D9A943 /* CoreMLHelpers.swift */; };
/* End PBXBuildFile section */

/* Begin PBXFileReference section */
		C113E9F0251174E80098269E /* README.md */ = {isa = PBXFileReference; lastKnownFileType = net.daringfireball.markdown; path = README.md; sourceTree = "<group>"; };
		C113E9F225125A130098269E /* app_screenshots.png */ = {isa = PBXFileReference; lastKnownFileType = image.png; path = app_screenshots.png; sourceTree = "<group>"; };
		C17576E8250927F800BA0CB4 /* TwoFridasStyleTransfer.mlmodel */ = {isa = PBXFileReference; lastKnownFileType = file.mlmodel; name = TwoFridasStyleTransfer.mlmodel; path = ../../../../Downloads/TwoFridasStyleTransfer.mlmodel; sourceTree = "<group>"; };
		C1A1668624F550E600D9A943 /* StyleTransfer.app */ = {isa = PBXFileReference; explicitFileType = wrapper.application; includeInIndex = 0; path = StyleTransfer.app; sourceTree = BUILT_PRODUCTS_DIR; };
		C1A1668924F550E600D9A943 /* AppDelegate.swift */ = {isa = PBXFileReference; lastKnownFileType = sourcecode.swift; path = AppDelegate.swift; sourceTree = "<group>"; };
		C1A1668B24F550E600D9A943 /* SceneDelegate.swift */ = {isa = PBXFileReference; lastKnownFileType = sourcecode.swift; path = SceneDelegate.swift; sourceTree = "<group>"; };
		C1A1668D24F550E600D9A943 /* ViewController.swift */ = {isa = PBXFileReference; lastKnownFileType = sourcecode.swift; path = ViewController.swift; sourceTree = "<group>"; };
		C1A1669024F550E600D9A943 /* Base */ = {isa = PBXFileReference; lastKnownFileType = file.storyboard; name = Base; path = Base.lproj/Main.storyboard; sourceTree = "<group>"; };
		C1A1669224F550EA00D9A943 /* Assets.xcassets */ = {isa = PBXFileReference; lastKnownFileType = folder.assetcatalog; path = Assets.xcassets; sourceTree = "<group>"; };
		C1A1669524F550EA00D9A943 /* Base */ = {isa = PBXFileReference; lastKnownFileType = file.storyboard; name = Base; path = Base.lproj/LaunchScreen.storyboard; sourceTree = "<group>"; };
		C1A1669724F550EA00D9A943 /* Info.plist */ = {isa = PBXFileReference; lastKnownFileType = text.plist.xml; path = Info.plist; sourceTree = "<group>"; };
		C1A166A024F6ADBD00D9A943 /* CoreMLHelpers.swift */ = {isa = PBXFileReference; lastKnownFileType = sourcecode.swift; path = CoreMLHelpers.swift; sourceTree = "<group>"; };
/* End PBXFileReference section */

/* Begin PBXFrameworksBuildPhase section */
		C1A1668324F550E600D9A943 /* Frameworks */ = {
			isa = PBXFrameworksBuildPhase;
			buildActionMask = 2147483647;
			files = (
			);
			runOnlyForDeploymentPostprocessing = 0;
		};
/* End PBXFrameworksBuildPhase section */

/* Begin PBXGroup section */
		C113E9F1251259350098269E /* Images */ = {
			isa = PBXGroup;
			children = (
				C113E9F225125A130098269E /* app_screenshots.png */,
			);
			path = Images;
			sourceTree = "<group>";
		};
		C1A1667D24F550E600D9A943 = {
			isa = PBXGroup;
			children = (
				C1A1668824F550E600D9A943 /* StyleTransfer */,
				C1A1668724F550E600D9A943 /* Products */,
			);
			sourceTree = "<group>";
		};
		C1A1668724F550E600D9A943 /* Products */ = {
			isa = PBXGroup;
			children = (
				C1A1668624F550E600D9A943 /* StyleTransfer.app */,
			);
			name = Products;
			sourceTree = "<group>";
		};
		C1A1668824F550E600D9A943 /* StyleTransfer */ = {
			isa = PBXGroup;
			children = (
				C113E9F1251259350098269E /* Images */,
				C1A1669D24F578DF00D9A943 /* MLModels */,
				C1A1668924F550E600D9A943 /* AppDelegate.swift */,
				C1A1668B24F550E600D9A943 /* SceneDelegate.swift */,
				C1A1668D24F550E600D9A943 /* ViewController.swift */,
				C1A1668F24F550E600D9A943 /* Main.storyboard */,
				C1A1669224F550EA00D9A943 /* Assets.xcassets */,
				C1A1669424F550EA00D9A943 /* LaunchScreen.storyboard */,
				C1A1669724F550EA00D9A943 /* Info.plist */,
				C1A166A024F6ADBD00D9A943 /* CoreMLHelpers.swift */,
				C113E9F0251174E80098269E /* README.md */,
			);
			path = StyleTransfer;
			sourceTree = "<group>";
		};
		C1A1669D24F578DF00D9A943 /* MLModels */ = {
			isa = PBXGroup;
			children = (
				C17576E8250927F800BA0CB4 /* TwoFridasStyleTransfer.mlmodel */,
			);
			path = MLModels;
			sourceTree = "<group>";
		};
/* End PBXGroup section */

/* Begin PBXNativeTarget section */
		C1A1668524F550E600D9A943 /* StyleTransfer */ = {
			isa = PBXNativeTarget;
			buildConfigurationList = C1A1669A24F550EA00D9A943 /* Build configuration list for PBXNativeTarget "StyleTransfer" */;
			buildPhases = (
				C1A1668224F550E600D9A943 /* Sources */,
				C1A1668324F550E600D9A943 /* Frameworks */,
				C1A1668424F550E600D9A943 /* Resources */,
			);
			buildRules = (
			);
			dependencies = (
			);
			name = StyleTransfer;
			productName = StyleTransfer;
			productReference = C1A1668624F550E600D9A943 /* StyleTransfer.app */;
			productType = "com.apple.product-type.application";
		};
/* End PBXNativeTarget section */

/* Begin PBXProject section */
		C1A1667E24F550E600D9A943 /* Project object */ = {
			isa = PBXProject;
			attributes = {
				LastSwiftUpdateCheck = 1160;
				LastUpgradeCheck = 1160;
				ORGANIZATIONNAME = "Marta Kramarczyk";
				TargetAttributes = {
					C1A1668524F550E600D9A943 = {
						CreatedOnToolsVersion = 11.6;
					};
				};
			};
			buildConfigurationList = C1A1668124F550E600D9A943 /* Build configuration list for PBXProject "StyleTransfer" */;
			compatibilityVersion = "Xcode 9.3";
			developmentRegion = en;
			hasScannedForEncodings = 0;
			knownRegions = (
				en,
				Base,
			);
			mainGroup = C1A1667D24F550E600D9A943;
			productRefGroup = C1A1668724F550E600D9A943 /* Products */;
			projectDirPath = "";
			projectRoot = "";
			targets = (
				C1A1668524F550E600D9A943 /* StyleTransfer */,
			);
		};
/* End PBXProject section */

/* Begin PBXResourcesBuildPhase section */
		C1A1668424F550E600D9A943 /* Resources */ = {
			isa = PBXResourcesBuildPhase;
			buildActionMask = 2147483647;
			files = (
				C1A1669624F550EA00D9A943 /* LaunchScreen.storyboard in Resources */,
				C1A1669324F550EA00D9A943 /* Assets.xcassets in Resources */,
				C1A1669124F550E600D9A943 /* Main.storyboard in Resources */,
				C113E9F325125A130098269E /* app_screenshots.png in Resources */,
			);
			runOnlyForDeploymentPostprocessing = 0;
		};
/* End PBXResourcesBuildPhase section */

/* Begin PBXSourcesBuildPhase section */
		C1A1668224F550E600D9A943 /* Sources */ = {
			isa = PBXSourcesBuildPhase;
			buildActionMask = 2147483647;
			files = (
				C1A1668E24F550E600D9A943 /* ViewController.swift in Sources */,
				C1A1668A24F550E600D9A943 /* AppDelegate.swift in Sources */,
				C1A166A124F6ADBD00D9A943 /* CoreMLHelpers.swift in Sources */,
				C17576E9250927F800BA0CB4 /* TwoFridasStyleTransfer.mlmodel in Sources */,
				C1A1668C24F550E600D9A943 /* SceneDelegate.swift in Sources */,
			);
			runOnlyForDeploymentPostprocessing = 0;
		};
/* End PBXSourcesBuildPhase section */

/* Begin PBXVariantGroup section */
		C1A1668F24F550E600D9A943 /* Main.storyboard */ = {
			isa = PBXVariantGroup;
			children = (
				C1A1669024F550E600D9A943 /* Base */,
			);
			name = Main.storyboard;
			sourceTree = "<group>";
		};
		C1A1669424F550EA00D9A943 /* LaunchScreen.storyboard */ = {
			isa = PBXVariantGroup;
			children = (
				C1A1669524F550EA00D9A943 /* Base */,
			);
			name = LaunchScreen.storyboard;
			sourceTree = "<group>";
		};
/* End PBXVariantGroup section */

/* Begin XCBuildConfiguration section */
		C1A1669824F550EA00D9A943 /* Debug */ = {
			isa = XCBuildConfiguration;
			buildSettings = {
				ALWAYS_SEARCH_USER_PATHS = NO;
				CLANG_ANALYZER_NONNULL = YES;
				CLANG_ANALYZER_NUMBER_OBJECT_CONVERSION = YES_AGGRESSIVE;
				CLANG_CXX_LANGUAGE_STANDARD = "gnu++14";
				CLANG_CXX_LIBRARY = "libc++";
				CLANG_ENABLE_MODULES = YES;
				CLANG_ENABLE_OBJC_ARC = YES;
				CLANG_ENABLE_OBJC_WEAK = YES;
				CLANG_WARN_BLOCK_CAPTURE_AUTORELEASING = YES;
				CLANG_WARN_BOOL_CONVERSION = YES;
				CLANG_WARN_COMMA = YES;
				CLANG_WARN_CONSTANT_CONVERSION = YES;
				CLANG_WARN_DEPRECATED_OBJC_IMPLEMENTATIONS = YES;
				CLANG_WARN_DIRECT_OBJC_ISA_USAGE = YES_ERROR;
				CLANG_WARN_DOCUMENTATION_COMMENTS = YES;
				CLANG_WARN_EMPTY_BODY = YES;
				CLANG_WARN_ENUM_CONVERSION = YES;
				CLANG_WARN_INFINITE_RECURSION = YES;
				CLANG_WARN_INT_CONVERSION = YES;
				CLANG_WARN_NON_LITERAL_NULL_CONVERSION = YES;
				CLANG_WARN_OBJC_IMPLICIT_RETAIN_SELF = YES;
				CLANG_WARN_OBJC_LITERAL_CONVERSION = YES;
				CLANG_WARN_OBJC_ROOT_CLASS = YES_ERROR;
				CLANG_WARN_RANGE_LOOP_ANALYSIS = YES;
				CLANG_WARN_STRICT_PROTOTYPES = YES;
				CLANG_WARN_SUSPICIOUS_MOVE = YES;
				CLANG_WARN_UNGUARDED_AVAILABILITY = YES_AGGRESSIVE;
				CLANG_WARN_UNREACHABLE_CODE = YES;
				CLANG_WARN__DUPLICATE_METHOD_MATCH = YES;
				COPY_PHASE_STRIP = NO;
				DEBUG_INFORMATION_FORMAT = dwarf;
				ENABLE_STRICT_OBJC_MSGSEND = YES;
				ENABLE_TESTABILITY = YES;
				GCC_C_LANGUAGE_STANDARD = gnu11;
				GCC_DYNAMIC_NO_PIC = NO;
				GCC_NO_COMMON_BLOCKS = YES;
				GCC_OPTIMIZATION_LEVEL = 0;
				GCC_PREPROCESSOR_DEFINITIONS = (
					"DEBUG=1",
					"$(inherited)",
				);
				GCC_WARN_64_TO_32_BIT_CONVERSION = YES;
				GCC_WARN_ABOUT_RETURN_TYPE = YES_ERROR;
				GCC_WARN_UNDECLARED_SELECTOR = YES;
				GCC_WARN_UNINITIALIZED_AUTOS = YES_AGGRESSIVE;
				GCC_WARN_UNUSED_FUNCTION = YES;
				GCC_WARN_UNUSED_VARIABLE = YES;
				IPHONEOS_DEPLOYMENT_TARGET = 13.6;
				MTL_ENABLE_DEBUG_INFO = INCLUDE_SOURCE;
				MTL_FAST_MATH = YES;
				ONLY_ACTIVE_ARCH = YES;
				SDKROOT = iphoneos;
				SWIFT_ACTIVE_COMPILATION_CONDITIONS = DEBUG;
				SWIFT_OPTIMIZATION_LEVEL = "-Onone";
			};
			name = Debug;
		};
		C1A1669924F550EA00D9A943 /* Release */ = {
			isa = XCBuildConfiguration;
			buildSettings = {
				ALWAYS_SEARCH_USER_PATHS = NO;
				CLANG_ANALYZER_NONNULL = YES;
				CLANG_ANALYZER_NUMBER_OBJECT_CONVERSION = YES_AGGRESSIVE;
				CLANG_CXX_LANGUAGE_STANDARD = "gnu++14";
				CLANG_CXX_LIBRARY = "libc++";
				CLANG_ENABLE_MODULES = YES;
				CLANG_ENABLE_OBJC_ARC = YES;
				CLANG_ENABLE_OBJC_WEAK = YES;
				CLANG_WARN_BLOCK_CAPTURE_AUTORELEASING = YES;
				CLANG_WARN_BOOL_CONVERSION = YES;
				CLANG_WARN_COMMA = YES;
				CLANG_WARN_CONSTANT_CONVERSION = YES;
				CLANG_WARN_DEPRECATED_OBJC_IMPLEMENTATIONS = YES;
				CLANG_WARN_DIRECT_OBJC_ISA_USAGE = YES_ERROR;
				CLANG_WARN_DOCUMENTATION_COMMENTS = YES;
				CLANG_WARN_EMPTY_BODY = YES;
				CLANG_WARN_ENUM_CONVERSION = YES;
				CLANG_WARN_INFINITE_RECURSION = YES;
				CLANG_WARN_INT_CONVERSION = YES;
				CLANG_WARN_NON_LITERAL_NULL_CONVERSION = YES;
				CLANG_WARN_OBJC_IMPLICIT_RETAIN_SELF = YES;
				CLANG_WARN_OBJC_LITERAL_CONVERSION = YES;
				CLANG_WARN_OBJC_ROOT_CLASS = YES_ERROR;
				CLANG_WARN_RANGE_LOOP_ANALYSIS = YES;
				CLANG_WARN_STRICT_PROTOTYPES = YES;
				CLANG_WARN_SUSPICIOUS_MOVE = YES;
				CLANG_WARN_UNGUARDED_AVAILABILITY = YES_AGGRESSIVE;
				CLANG_WARN_UNREACHABLE_CODE = YES;
				CLANG_WARN__DUPLICATE_METHOD_MATCH = YES;
				COPY_PHASE_STRIP = NO;
				DEBUG_INFORMATION_FORMAT = "dwarf-with-dsym";
				ENABLE_NS_ASSERTIONS = NO;
				ENABLE_STRICT_OBJC_MSGSEND = YES;
				GCC_C_LANGUAGE_STANDARD = gnu11;
				GCC_NO_COMMON_BLOCKS = YES;
				GCC_WARN_64_TO_32_BIT_CONVERSION = YES;
				GCC_WARN_ABOUT_RETURN_TYPE = YES_ERROR;
				GCC_WARN_UNDECLARED_SELECTOR = YES;
				GCC_WARN_UNINITIALIZED_AUTOS = YES_AGGRESSIVE;
				GCC_WARN_UNUSED_FUNCTION = YES;
				GCC_WARN_UNUSED_VARIABLE = YES;
				IPHONEOS_DEPLOYMENT_TARGET = 13.6;
				MTL_ENABLE_DEBUG_INFO = NO;
				MTL_FAST_MATH = YES;
				SDKROOT = iphoneos;
				SWIFT_COMPILATION_MODE = wholemodule;
				SWIFT_OPTIMIZATION_LEVEL = "-O";
				VALIDATE_PRODUCT = YES;
			};
			name = Release;
		};
		C1A1669B24F550EA00D9A943 /* Debug */ = {
			isa = XCBuildConfiguration;
			buildSettings = {
				ASSETCATALOG_COMPILER_APPICON_NAME = AppIcon;
				CODE_SIGN_STYLE = Automatic;
				INFOPLIST_FILE = StyleTransfer/Info.plist;
				LD_RUNPATH_SEARCH_PATHS = (
					"$(inherited)",
					"@executable_path/Frameworks",
				);
				PRODUCT_BUNDLE_IDENTIFIER = collectivemind.StyleTransfer;
				PRODUCT_NAME = "$(TARGET_NAME)";
				SWIFT_VERSION = 5.0;
				TARGETED_DEVICE_FAMILY = "1,2";
			};
			name = Debug;
		};
		C1A1669C24F550EA00D9A943 /* Release */ = {
			isa = XCBuildConfiguration;
			buildSettings = {
				ASSETCATALOG_COMPILER_APPICON_NAME = AppIcon;
				CODE_SIGN_STYLE = Automatic;
				INFOPLIST_FILE = StyleTransfer/Info.plist;
				LD_RUNPATH_SEARCH_PATHS = (
					"$(inherited)",
					"@executable_path/Frameworks",
				);
				PRODUCT_BUNDLE_IDENTIFIER = collectivemind.StyleTransfer;
				PRODUCT_NAME = "$(TARGET_NAME)";
				SWIFT_VERSION = 5.0;
				TARGETED_DEVICE_FAMILY = "1,2";
			};
			name = Release;
		};
/* End XCBuildConfiguration section */

/* Begin XCConfigurationList section */
		C1A1668124F550E600D9A943 /* Build configuration list for PBXProject "StyleTransfer" */ = {
			isa = XCConfigurationList;
			buildConfigurations = (
				C1A1669824F550EA00D9A943 /* Debug */,
				C1A1669924F550EA00D9A943 /* Release */,
			);
			defaultConfigurationIsVisible = 0;
			defaultConfigurationName = Release;
		};
		C1A1669A24F550EA00D9A943 /* Build configuration list for PBXNativeTarget "StyleTransfer" */ = {
			isa = XCConfigurationList;
			buildConfigurations = (
				C1A1669B24F550EA00D9A943 /* Debug */,
				C1A1669C24F550EA00D9A943 /* Release */,
			);
			defaultConfigurationIsVisible = 0;
			defaultConfigurationName = Release;
		};
/* End XCConfigurationList section */
	};
	rootObject = C1A1667E24F550E600D9A943 /* Project object */;
}
